Microsoft Visual Studio Solution File, Format Version 11.00
# Visual Studio 2008

Project("{5AAAF288-5500-3D3F-4D6E-DA53FA56A9C1}") = "MakingMazes", "Assembly-CSharp.csproj", "{1E302DA9-B7C3-1C4C-277B-886949292399}"
EndProject
Global
	GlobalSection(SolutionConfigurationPlatforms) = preSolution
		Debug|Any CPU = Debug|Any CPU
		Release|Any CPU = Release|Any CPU
	EndGlobalSection
	GlobalSection(ProjectConfigurationPlatforms) = postSolution
		{1E302DA9-B7C3-1C4C-277B-886949292399}.Debug|Any CPU.ActiveCfg = Debug|Any CPU
		{1E302DA9-B7C3-1C4C-277B-886949292399}.Debug|Any CPU.Build.0 = Debug|Any CPU
		{1E302DA9-B7C3-1C4C-277B-886949292399}.Release|Any CPU.ActiveCfg = Release|Any CPU
		{1E302DA9-B7C3-1C4C-277B-886949292399}.Release|Any CPU.Build.0 = Release|Any CPU
	EndGlobalSection
	GlobalSection(SolutionProperties) = preSolution
		HideSolutionNode = FALSE
	EndGlobalSection
	GlobalSection(MonoDevelopProperties) = preSolution
		StartupItem = Assembly-CSharp.csproj
	EndGlobalSection
EndGlobal
